Microsoft Visual Studio Solution File, Format Version 11.00
# Visual Studio 2008

Project("{071D99BB-7B18-2A0C-D025-CF6E3B7FD362}") = "TDDD23", "Assembly-CSharp.csproj", "{094E307B-4160-AD8D-65AD-AD61BE10E3F2}"
EndProject
Global
	GlobalSection(SolutionConfigurationPlatforms) = preSolution
		Debug|Any CPU = Debug|Any CPU
		Release|Any CPU = Release|Any CPU
	EndGlobalSection
	GlobalSection(ProjectConfigurationPlatforms) = postSolution
		{094E307B-4160-AD8D-65AD-AD61BE10E3F2}.Debug|Any CPU.ActiveCfg = Debug|Any CPU
		{094E307B-4160-AD8D-65AD-AD61BE10E3F2}.Debug|Any CPU.Build.0 = Debug|Any CPU
		{094E307B-4160-AD8D-65AD-AD61BE10E3F2}.Release|Any CPU.ActiveCfg = Release|Any CPU
		{094E307B-4160-AD8D-65AD-AD61BE10E3F2}.Release|Any CPU.Build.0 = Release|Any CPU
	EndGlobalSection
	GlobalSection(SolutionProperties) = preSolution
		HideSolutionNode = FALSE
	EndGlobalSection
	GlobalSection(MonoDevelopProperties) = preSolution
		StartupItem = Assembly-CSharp.csproj
	EndGlobalSection
EndGlobal
